// !$*UTF8*$!
{
	archiveVersion = 1;
	classes = {
	};
	objectVersion = 56;
	objects = {

/* Begin PBXBuildFile section */
		D90D55702BAB494800BC5F96 /* FileManager.swift in Sources */ = {isa = PBXBuildFile; fileRef = D90D556F2BAB494800BC5F96 /* FileManager.swift */; };
		D9179B722B88A82D002E594D /* IndividualRecipie.swift in Sources */ = {isa = PBXBuildFile; fileRef = D9179B712B88A82D002E594D /* IndividualRecipie.swift */; };
		D924FC292B5FEDD1003F2182 /* YummiApp.swift in Sources */ = {isa = PBXBuildFile; fileRef = D924FC282B5FEDD1003F2182 /* YummiApp.swift */; };
		D924FC2B2B5FEDD1003F2182 /* ContentView.swift in Sources */ = {isa = PBXBuildFile; fileRef = D924FC2A2B5FEDD1003F2182 /* ContentView.swift */; };
		D924FC2D2B5FEDD2003F2182 /* Assets.xcassets in Resources */ = {isa = PBXBuildFile; fileRef = D924FC2C2B5FEDD2003F2182 /* Assets.xcassets */; };
		D924FC302B5FEDD2003F2182 /* Preview Assets.xcassets in Resources */ = {isa = PBXBuildFile; fileRef = D924FC2F2B5FEDD2003F2182 /* Preview Assets.xcassets */; };
		D924FC442B5FEDD3003F2182 /* YummiUITests.swift in Sources */ = {isa = PBXBuildFile; fileRef = D924FC432B5FEDD3003F2182 /* YummiUITests.swift */; };
		D924FC462B5FEDD3003F2182 /* YummiUITestsLaunchTests.swift in Sources */ = {isa = PBXBuildFile; fileRef = D924FC452B5FEDD3003F2182 /* YummiUITestsLaunchTests.swift */; };
		D924FC532B5FEF48003F2182 /* Ingredient.swift in Sources */ = {isa = PBXBuildFile; fileRef = D924FC522B5FEF48003F2182 /* Ingredient.swift */; };
		D9259D062B91E4AC000D7D83 /* IngredientViewModel.swift in Sources */ = {isa = PBXBuildFile; fileRef = D9259D052B91E4AC000D7D83 /* IngredientViewModel.swift */; };
		D92BBFA72B692D6800ACFFC3 /* Enumerations.swift in Sources */ = {isa = PBXBuildFile; fileRef = D92BBFA62B692D6800ACFFC3 /* Enumerations.swift */; };
		D97600F02B974DE100523994 /* RecipieIngredient.swift in Sources */ = {isa = PBXBuildFile; fileRef = D97600EF2B974DE100523994 /* RecipieIngredient.swift */; };
		D9A5F90B2B73F16A00DE9EF6 /* RecipieView.swift in Sources */ = {isa = PBXBuildFile; fileRef = D9A5F90A2B73F16A00DE9EF6 /* RecipieView.swift */; };
		D9B8D4832B91EC3000C7C072 /* CreateIngredientViewModel.swift in Sources */ = {isa = PBXBuildFile; fileRef = D9B8D4822B91EC3000C7C072 /* CreateIngredientViewModel.swift */; };
		D9B8D4852B91F15D00C7C072 /* RecipieViewModel.swift in Sources */ = {isa = PBXBuildFile; fileRef = D9B8D4842B91F15D00C7C072 /* RecipieViewModel.swift */; };
		F0025E012B80E28C00967D6C /* IngredientView.swift in Sources */ = {isa = PBXBuildFile; fileRef = F0025E002B80E28C00967D6C /* IngredientView.swift */; };
		F073F9462B78F58E0087CC4C /* Recipie.swift in Sources */ = {isa = PBXBuildFile; fileRef = F073F9452B78F58E0087CC4C /* Recipie.swift */; };
		F0B116F82B9C997000AC1D90 /* InstructionsView.swift in Sources */ = {isa = PBXBuildFile; fileRef = F0B116F72B9C997000AC1D90 /* InstructionsView.swift */; };
		F0CCAE8D2B88F8D800390AF0 /* StateController.swift in Sources */ = {isa = PBXBuildFile; fileRef = F0CCAE8C2B88F8D800390AF0 /* StateController.swift */; };
		F0CCAE902B88FBC600390AF0 /* Functions.swift in Sources */ = {isa = PBXBuildFile; fileRef = F0CCAE8F2B88FBC600390AF0 /* Functions.swift */; };
		F0CCAE942B89FCCD00390AF0 /* CreateRecipieView.swift in Sources */ = {isa = PBXBuildFile; fileRef = F0CCAE932B89FCCD00390AF0 /* CreateRecipieView.swift */; };
		F0CCAEA62B8E639100390AF0 /* InventoryIngredient.swift in Sources */ = {isa = PBXBuildFile; fileRef = F0CCAEA52B8E639100390AF0 /* InventoryIngredient.swift */; };
		F0CCAEA82B8F636900390AF0 /* CreateIngredientView.swift in Sources */ = {isa = PBXBuildFile; fileRef = F0CCAEA72B8F636900390AF0 /* CreateIngredientView.swift */; };
		F0CD379D2B9A19A6007931CF /* CreateRecipieViewModel.swift in Sources */ = {isa = PBXBuildFile; fileRef = F0CD379C2B9A19A6007931CF /* CreateRecipieViewModel.swift */; };
		F0CD379F2B9A2236007931CF /* IngredientsForNewRecipieView.swift in Sources */ = {isa = PBXBuildFile; fileRef = F0CD379E2B9A2236007931CF /* IngredientsForNewRecipieView.swift */; };
		F0CD37A12B9A264F007931CF /* MultipleSelectionRowView.swift in Sources */ = {isa = PBXBuildFile; fileRef = F0CD37A02B9A264F007931CF /* MultipleSelectionRowView.swift */; };
/* End PBXBuildFile section */

/* Begin PBXContainerItemProxy section */
		D924FC402B5FEDD3003F2182 /* PBXContainerItemProxy */ = {
			isa = PBXContainerItemProxy;
			containerPortal = D924FC1D2B5FEDD1003F2182 /* Project object */;
			proxyType = 1;
			remoteGlobalIDString = D924FC242B5FEDD1003F2182;
			remoteInfo = Yummi;
		};
/* End PBXContainerItemProxy section */

/* Begin PBXFileReference section */
		D90D556F2BAB494800BC5F96 /* FileManager.swift */ = {isa = PBXFileReference; lastKnownFileType = sourcecode.swift; path = FileManager.swift; sourceTree = "<group>"; };
		D9179B712B88A82D002E594D /* IndividualRecipie.swift */ = {isa = PBXFileReference; lastKnownFileType = sourcecode.swift; path = IndividualRecipie.swift; sourceTree = "<group>"; };
		D924FC252B5FEDD1003F2182 /* Yummi.app */ = {isa = PBXFileReference; explicitFileType = wrapper.application; includeInIndex = 0; path = Yummi.app; sourceTree = BUILT_PRODUCTS_DIR; };
		D924FC282B5FEDD1003F2182 /* YummiApp.swift */ = {isa = PBXFileReference; lastKnownFileType = sourcecode.swift; path = YummiApp.swift; sourceTree = "<group>"; };
		D924FC2A2B5FEDD1003F2182 /* ContentView.swift */ = {isa = PBXFileReference; lastKnownFileType = sourcecode.swift; path = ContentView.swift; sourceTree = "<group>"; };
		D924FC2C2B5FEDD2003F2182 /* Assets.xcassets */ = {isa = PBXFileReference; lastKnownFileType = folder.assetcatalog; path = Assets.xcassets; sourceTree = "<group>"; };
		D924FC2F2B5FEDD2003F2182 /* Preview Assets.xcassets */ = {isa = PBXFileReference; lastKnownFileType = folder.assetcatalog; path = "Preview Assets.xcassets"; sourceTree = "<group>"; };
		D924FC392B5FEDD2003F2182 /* YummiTests.swift */ = {isa = PBXFileReference; lastKnownFileType = sourcecode.swift; path = YummiTests.swift; sourceTree = "<group>"; };
		D924FC3F2B5FEDD3003F2182 /* YummiUITests.xctest */ = {isa = PBXFileReference; explicitFileType = wrapper.cfbundle; includeInIndex = 0; path = YummiUITests.xctest; sourceTree = BUILT_PRODUCTS_DIR; };
		D924FC432B5FEDD3003F2182 /* YummiUITests.swift */ = {isa = PBXFileReference; lastKnownFileType = sourcecode.swift; path = YummiUITests.swift; sourceTree = "<group>"; };
		D924FC452B5FEDD3003F2182 /* YummiUITestsLaunchTests.swift */ = {isa = PBXFileReference; lastKnownFileType = sourcecode.swift; path = YummiUITestsLaunchTests.swift; sourceTree = "<group>"; };
		D924FC522B5FEF48003F2182 /* Ingredient.swift */ = {isa = PBXFileReference; lastKnownFileType = sourcecode.swift; path = Ingredient.swift; sourceTree = "<group>"; };
		D9259D052B91E4AC000D7D83 /* IngredientViewModel.swift */ = {isa = PBXFileReference; lastKnownFileType = sourcecode.swift; path = IngredientViewModel.swift; sourceTree = "<group>"; };
		D92BBFA62B692D6800ACFFC3 /* Enumerations.swift */ = {isa = PBXFileReference; lastKnownFileType = sourcecode.swift; path = Enumerations.swift; sourceTree = "<group>"; };
		D97600EF2B974DE100523994 /* RecipieIngredient.swift */ = {isa = PBXFileReference; lastKnownFileType = sourcecode.swift; path = RecipieIngredient.swift; sourceTree = "<group>"; };
		D9A5F90A2B73F16A00DE9EF6 /* RecipieView.swift */ = {isa = PBXFileReference; lastKnownFileType = sourcecode.swift; path = RecipieView.swift; sourceTree = "<group>"; };
		D9B8D4822B91EC3000C7C072 /* CreateIngredientViewModel.swift */ = {isa = PBXFileReference; lastKnownFileType = sourcecode.swift; path = CreateIngredientViewModel.swift; sourceTree = "<group>"; };
		D9B8D4842B91F15D00C7C072 /* RecipieViewModel.swift */ = {isa = PBXFileReference; lastKnownFileType = sourcecode.swift; path = RecipieViewModel.swift; sourceTree = "<group>"; };
		F0025E002B80E28C00967D6C /* IngredientView.swift */ = {isa = PBXFileReference; lastKnownFileType = sourcecode.swift; path = IngredientView.swift; sourceTree = "<group>"; };
		F073F9452B78F58E0087CC4C /* Recipie.swift */ = {isa = PBXFileReference; lastKnownFileType = sourcecode.swift; path = Recipie.swift; sourceTree = "<group>"; };
		F0B116F72B9C997000AC1D90 /* InstructionsView.swift */ = {isa = PBXFileReference; lastKnownFileType = sourcecode.swift; path = InstructionsView.swift; sourceTree = "<group>"; };
		F0CCAE8C2B88F8D800390AF0 /* StateController.swift */ = {isa = PBXFileReference; lastKnownFileType = sourcecode.swift; path = StateController.swift; sourceTree = "<group>"; };
		F0CCAE8F2B88FBC600390AF0 /* Functions.swift */ = {isa = PBXFileReference; lastKnownFileType = sourcecode.swift; path = Functions.swift; sourceTree = "<group>"; };
		F0CCAE932B89FCCD00390AF0 /* CreateRecipieView.swift */ = {isa = PBXFileReference; lastKnownFileType = sourcecode.swift; path = CreateRecipieView.swift; sourceTree = "<group>"; };
		F0CCAEA52B8E639100390AF0 /* InventoryIngredient.swift */ = {isa = PBXFileReference; lastKnownFileType = sourcecode.swift; path = InventoryIngredient.swift; sourceTree = "<group>"; };
		F0CCAEA72B8F636900390AF0 /* CreateIngredientView.swift */ = {isa = PBXFileReference; lastKnownFileType = sourcecode.swift; path = CreateIngredientView.swift; sourceTree = "<group>"; };
		F0CD379C2B9A19A6007931CF /* CreateRecipieViewModel.swift */ = {isa = PBXFileReference; lastKnownFileType = sourcecode.swift; path = CreateRecipieViewModel.swift; sourceTree = "<group>"; };
		F0CD379E2B9A2236007931CF /* IngredientsForNewRecipieView.swift */ = {isa = PBXFileReference; lastKnownFileType = sourcecode.swift; path = IngredientsForNewRecipieView.swift; sourceTree = "<group>"; };
		F0CD37A02B9A264F007931CF /* MultipleSelectionRowView.swift */ = {isa = PBXFileReference; lastKnownFileType = sourcecode.swift; path = MultipleSelectionRowView.swift; sourceTree = "<group>"; };
/* End PBXFileReference section */

/* Begin PBXFrameworksBuildPhase section */
		D924FC222B5FEDD1003F2182 /* Frameworks */ = {
			isa = PBXFrameworksBuildPhase;
			buildActionMask = 2147483647;
			files = (
			);
			runOnlyForDeploymentPostprocessing = 0;
		};
		D924FC3C2B5FEDD3003F2182 /* Frameworks */ = {
			isa = PBXFrameworksBuildPhase;
			buildActionMask = 2147483647;
			files = (
			);
			runOnlyForDeploymentPostprocessing = 0;
		};
/* End PBXFrameworksBuildPhase section */

/* Begin PBXGroup section */
		D924FC1C2B5FEDD1003F2182 = {
			isa = PBXGroup;
			children = (
				D924FC272B5FEDD1003F2182 /* Yummi */,
				D924FC382B5FEDD2003F2182 /* YummiTests */,
				D924FC422B5FEDD3003F2182 /* YummiUITests */,
				D924FC262B5FEDD1003F2182 /* Products */,
			);
			sourceTree = "<group>";
		};
		D924FC262B5FEDD1003F2182 /* Products */ = {
			isa = PBXGroup;
			children = (
				D924FC252B5FEDD1003F2182 /* Yummi.app */,
				D924FC3F2B5FEDD3003F2182 /* YummiUITests.xctest */,
			);
			name = Products;
			sourceTree = "<group>";
		};
		D924FC272B5FEDD1003F2182 /* Yummi */ = {
			isa = PBXGroup;
			children = (
				F0CCAE8E2B88FBAD00390AF0 /* Extensions */,
				D9A5F9062B73F0C200DE9EF6 /* Models */,
				D924FC282B5FEDD1003F2182 /* YummiApp.swift */,
				D9259D042B91E449000D7D83 /* ViewModels */,
				D9A5F9072B73F0FA00DE9EF6 /* Views */,
				D924FC2C2B5FEDD2003F2182 /* Assets.xcassets */,
				D924FC2E2B5FEDD2003F2182 /* Preview Content */,
				F0CCAE8C2B88F8D800390AF0 /* StateController.swift */,
			);
			path = Yummi;
			sourceTree = "<group>";
		};
		D924FC2E2B5FEDD2003F2182 /* Preview Content */ = {
			isa = PBXGroup;
			children = (
				D924FC2F2B5FEDD2003F2182 /* Preview Assets.xcassets */,
			);
			path = "Preview Content";
			sourceTree = "<group>";
		};
		D924FC382B5FEDD2003F2182 /* YummiTests */ = {
			isa = PBXGroup;
			children = (
				D924FC392B5FEDD2003F2182 /* YummiTests.swift */,
			);
			path = YummiTests;
			sourceTree = "<group>";
		};
		D924FC422B5FEDD3003F2182 /* YummiUITests */ = {
			isa = PBXGroup;
			children = (
				D924FC432B5FEDD3003F2182 /* YummiUITests.swift */,
				D924FC452B5FEDD3003F2182 /* YummiUITestsLaunchTests.swift */,
			);
			path = YummiUITests;
			sourceTree = "<group>";
		};
		D9259D042B91E449000D7D83 /* ViewModels */ = {
			isa = PBXGroup;
			children = (
				D9259D052B91E4AC000D7D83 /* IngredientViewModel.swift */,
				D9B8D4822B91EC3000C7C072 /* CreateIngredientViewModel.swift */,
				D9B8D4842B91F15D00C7C072 /* RecipieViewModel.swift */,
				F0CD379C2B9A19A6007931CF /* CreateRecipieViewModel.swift */,
			);
			path = ViewModels;
			sourceTree = "<group>";
		};
		D9A5F9062B73F0C200DE9EF6 /* Models */ = {
			isa = PBXGroup;
			children = (
				D924FC522B5FEF48003F2182 /* Ingredient.swift */,
				D92BBFA62B692D6800ACFFC3 /* Enumerations.swift */,
				F073F9452B78F58E0087CC4C /* Recipie.swift */,
				F0CCAEA52B8E639100390AF0 /* InventoryIngredient.swift */,
				D97600EF2B974DE100523994 /* RecipieIngredient.swift */,
			);
			path = Models;
			sourceTree = "<group>";
		};
		D9A5F9072B73F0FA00DE9EF6 /* Views */ = {
			isa = PBXGroup;
			children = (
				D924FC2A2B5FEDD1003F2182 /* ContentView.swift */,
				D9A5F90A2B73F16A00DE9EF6 /* RecipieView.swift */,
				F0025E002B80E28C00967D6C /* IngredientView.swift */,
				D9179B712B88A82D002E594D /* IndividualRecipie.swift */,
				F0CCAEA72B8F636900390AF0 /* CreateIngredientView.swift */,
				F0B116F92B9C999700AC1D90 /* CreateNewRecipieViews */,
			);
			path = Views;
			sourceTree = "<group>";
		};
		F0B116F92B9C999700AC1D90 /* CreateNewRecipieViews */ = {
			isa = PBXGroup;
			children = (
				F0CCAE932B89FCCD00390AF0 /* CreateRecipieView.swift */,
				F0CD379E2B9A2236007931CF /* IngredientsForNewRecipieView.swift */,
				F0CD37A02B9A264F007931CF /* MultipleSelectionRowView.swift */,
				F0B116F72B9C997000AC1D90 /* InstructionsView.swift */,
			);
			path = CreateNewRecipieViews;
			sourceTree = "<group>";
		};
		F0CCAE8E2B88FBAD00390AF0 /* Extensions */ = {
			isa = PBXGroup;
			children = (
				F0CCAE8F2B88FBC600390AF0 /* Functions.swift */,
				D90D556F2BAB494800BC5F96 /* FileManager.swift */,
			);
			path = Extensions;
			sourceTree = "<group>";
		};
/* End PBXGroup section */

/* Begin PBXNativeTarget section */
		D924FC242B5FEDD1003F2182 /* Yummi */ = {
			isa = PBXNativeTarget;
			buildConfigurationList = D924FC492B5FEDD3003F2182 /* Build configuration list for PBXNativeTarget "Yummi" */;
			buildPhases = (
				D924FC212B5FEDD1003F2182 /* Sources */,
				D924FC222B5FEDD1003F2182 /* Frameworks */,
				D924FC232B5FEDD1003F2182 /* Resources */,
			);
			buildRules = (
			);
			dependencies = (
			);
			name = Yummi;
			productName = Yummi;
			productReference = D924FC252B5FEDD1003F2182 /* Yummi.app */;
			productType = "com.apple.product-type.application";
		};
		D924FC3E2B5FEDD3003F2182 /* YummiUITests */ = {
			isa = PBXNativeTarget;
			buildConfigurationList = D924FC4F2B5FEDD3003F2182 /* Build configuration list for PBXNativeTarget "YummiUITests" */;
			buildPhases = (
				D924FC3B2B5FEDD3003F2182 /* Sources */,
				D924FC3C2B5FEDD3003F2182 /* Frameworks */,
				D924FC3D2B5FEDD3003F2182 /* Resources */,
			);
			buildRules = (
			);
			dependencies = (
				D924FC412B5FEDD3003F2182 /* PBXTargetDependency */,
			);
			name = YummiUITests;
			productName = YummiUITests;
			productReference = D924FC3F2B5FEDD3003F2182 /* YummiUITests.xctest */;
			productType = "com.apple.product-type.bundle.ui-testing";
		};
/* End PBXNativeTarget section */

/* Begin PBXProject section */
		D924FC1D2B5FEDD1003F2182 /* Project object */ = {
			isa = PBXProject;
			attributes = {
				BuildIndependentTargetsInParallel = 1;
				LastSwiftUpdateCheck = 1520;
				LastUpgradeCheck = 1520;
				TargetAttributes = {
					D924FC242B5FEDD1003F2182 = {
						CreatedOnToolsVersion = 15.2;
					};
					D924FC3E2B5FEDD3003F2182 = {
						CreatedOnToolsVersion = 15.2;
						TestTargetID = D924FC242B5FEDD1003F2182;
					};
				};
			};
			buildConfigurationList = D924FC202B5FEDD1003F2182 /* Build configuration list for PBXProject "Yummi" */;
			compatibilityVersion = "Xcode 14.0";
			developmentRegion = en;
			hasScannedForEncodings = 0;
			knownRegions = (
				en,
				Base,
			);
			mainGroup = D924FC1C2B5FEDD1003F2182;
			productRefGroup = D924FC262B5FEDD1003F2182 /* Products */;
			projectDirPath = "";
			projectRoot = "";
			targets = (
				D924FC242B5FEDD1003F2182 /* Yummi */,
				D924FC3E2B5FEDD3003F2182 /* YummiUITests */,
			);
		};
/* End PBXProject section */

/* Begin PBXResourcesBuildPhase section */
		D924FC232B5FEDD1003F2182 /* Resources */ = {
			isa = PBXResourcesBuildPhase;
			buildActionMask = 2147483647;
			files = (
				D924FC302B5FEDD2003F2182 /* Preview Assets.xcassets in Resources */,
				D924FC2D2B5FEDD2003F2182 /* Assets.xcassets in Resources */,
			);
			runOnlyForDeploymentPostprocessing = 0;
		};
		D924FC3D2B5FEDD3003F2182 /* Resources */ = {
			isa = PBXResourcesBuildPhase;
			buildActionMask = 2147483647;
			files = (
			);
			runOnlyForDeploymentPostprocessing = 0;
		};
/* End PBXResourcesBuildPhase section */

/* Begin PBXSourcesBuildPhase section */
		D924FC212B5FEDD1003F2182 /* Sources */ = {
			isa = PBXSourcesBuildPhase;
			buildActionMask = 2147483647;
			files = (
				D924FC2B2B5FEDD1003F2182 /* ContentView.swift in Sources */,
				F0CD379F2B9A2236007931CF /* IngredientsForNewRecipieView.swift in Sources */,
				D9A5F90B2B73F16A00DE9EF6 /* RecipieView.swift in Sources */,
				D924FC292B5FEDD1003F2182 /* YummiApp.swift in Sources */,
				F0B116F82B9C997000AC1D90 /* InstructionsView.swift in Sources */,
				D9259D062B91E4AC000D7D83 /* IngredientViewModel.swift in Sources */,
				F0CCAEA62B8E639100390AF0 /* InventoryIngredient.swift in Sources */,
				D90D55702BAB494800BC5F96 /* FileManager.swift in Sources */,
				F0CCAE902B88FBC600390AF0 /* Functions.swift in Sources */,
				D92BBFA72B692D6800ACFFC3 /* Enumerations.swift in Sources */,
				D9B8D4832B91EC3000C7C072 /* CreateIngredientViewModel.swift in Sources */,
				F0CCAE8D2B88F8D800390AF0 /* StateController.swift in Sources */,
				D9179B722B88A82D002E594D /* IndividualRecipie.swift in Sources */,
				F0CD379D2B9A19A6007931CF /* CreateRecipieViewModel.swift in Sources */,
				D97600F02B974DE100523994 /* RecipieIngredient.swift in Sources */,
				F0CCAEA82B8F636900390AF0 /* CreateIngredientView.swift in Sources */,
				F0CD37A12B9A264F007931CF /* MultipleSelectionRowView.swift in Sources */,
				F0CCAE942B89FCCD00390AF0 /* CreateRecipieView.swift in Sources */,
				F0025E012B80E28C00967D6C /* IngredientView.swift in Sources */,
				D924FC532B5FEF48003F2182 /* Ingredient.swift in Sources */,
				D9B8D4852B91F15D00C7C072 /* RecipieViewModel.swift in Sources */,
				F073F9462B78F58E0087CC4C /* Recipie.swift in Sources */,
			);
			runOnlyForDeploymentPostprocessing = 0;
		};
		D924FC3B2B5FEDD3003F2182 /* Sources */ = {
			isa = PBXSourcesBuildPhase;
			buildActionMask = 2147483647;
			files = (
				D924FC462B5FEDD3003F2182 /* YummiUITestsLaunchTests.swift in Sources */,
				D924FC442B5FEDD3003F2182 /* YummiUITests.swift in Sources */,
			);
			runOnlyForDeploymentPostprocessing = 0;
		};
/* End PBXSourcesBuildPhase section */

/* Begin PBXTargetDependency section */
		D924FC412B5FEDD3003F2182 /* PBXTargetDependency */ = {
			isa = PBXTargetDependency;
			target = D924FC242B5FEDD1003F2182 /* Yummi */;
			targetProxy = D924FC402B5FEDD3003F2182 /* PBXContainerItemProxy */;
		};
/* End PBXTargetDependency section */

/* Begin XCBuildConfiguration section */
		D924FC472B5FEDD3003F2182 /* Debug */ = {
			isa = XCBuildConfiguration;
			buildSettings = {
				ALWAYS_SEARCH_USER_PATHS = NO;
				ASSETCATALOG_COMPILER_GENERATE_SWIFT_ASSET_SYMBOL_EXTENSIONS = YES;
				CLANG_ANALYZER_NONNULL = YES;
				CLANG_ANALYZER_NUMBER_OBJECT_CONVERSION = YES_AGGRESSIVE;
				CLANG_CXX_LANGUAGE_STANDARD = "gnu++20";
				CLANG_ENABLE_MODULES = YES;
				CLANG_ENABLE_OBJC_ARC = YES;
				CLANG_ENABLE_OBJC_WEAK = YES;
				CLANG_WARN_BLOCK_CAPTURE_AUTORELEASING = YES;
				CLANG_WARN_BOOL_CONVERSION = YES;
				CLANG_WARN_COMMA = YES;
				CLANG_WARN_CONSTANT_CONVERSION = YES;
				CLANG_WARN_DEPRECATED_OBJC_IMPLEMENTATIONS = YES;
				CLANG_WARN_DIRECT_OBJC_ISA_USAGE = YES_ERROR;
				CLANG_WARN_DOCUMENTATION_COMMENTS = YES;
				CLANG_WARN_EMPTY_BODY = YES;
				CLANG_WARN_ENUM_CONVERSION = YES;
				CLANG_WARN_INFINITE_RECURSION = YES;
				CLANG_WARN_INT_CONVERSION = YES;
				CLANG_WARN_NON_LITERAL_NULL_CONVERSION = YES;
				CLANG_WARN_OBJC_IMPLICIT_RETAIN_SELF = YES;
				CLANG_WARN_OBJC_LITERAL_CONVERSION = YES;
				CLANG_WARN_OBJC_ROOT_CLASS = YES_ERROR;
				CLANG_WARN_QUOTED_INCLUDE_IN_FRAMEWORK_HEADER = YES;
				CLANG_WARN_RANGE_LOOP_ANALYSIS = YES;
				CLANG_WARN_STRICT_PROTOTYPES = YES;
				CLANG_WARN_SUSPICIOUS_MOVE = YES;
				CLANG_WARN_UNGUARDED_AVAILABILITY = YES_AGGRESSIVE;
				CLANG_WARN_UNREACHABLE_CODE = YES;
				CLANG_WARN__DUPLICATE_METHOD_MATCH = YES;
				COPY_PHASE_STRIP = NO;
				DEBUG_INFORMATION_FORMAT = dwarf;
				ENABLE_STRICT_OBJC_MSGSEND = YES;
				ENABLE_TESTABILITY = YES;
				ENABLE_USER_SCRIPT_SANDBOXING = YES;
				GCC_C_LANGUAGE_STANDARD = gnu17;
				GCC_DYNAMIC_NO_PIC = NO;
				GCC_NO_COMMON_BLOCKS = YES;
				GCC_OPTIMIZATION_LEVEL = 0;
				GCC_PREPROCESSOR_DEFINITIONS = (
					"DEBUG=1",
					"$(inherited)",
				);
				GCC_WARN_64_TO_32_BIT_CONVERSION = YES;
				GCC_WARN_ABOUT_RETURN_TYPE = YES_ERROR;
				GCC_WARN_UNDECLARED_SELECTOR = YES;
				GCC_WARN_UNINITIALIZED_AUTOS = YES_AGGRESSIVE;
				GCC_WARN_UNUSED_FUNCTION = YES;
				GCC_WARN_UNUSED_VARIABLE = YES;
				IPHONEOS_DEPLOYMENT_TARGET = 17.2;
				LOCALIZATION_PREFERS_STRING_CATALOGS = YES;
				MTL_ENABLE_DEBUG_INFO = INCLUDE_SOURCE;
				MTL_FAST_MATH = YES;
				ONLY_ACTIVE_ARCH = YES;
				SDKROOT = iphoneos;
				SWIFT_ACTIVE_COMPILATION_CONDITIONS = "DEBUG $(inherited)";
				SWIFT_OPTIMIZATION_LEVEL = "-Onone";
			};
			name = Debug;
		};
		D924FC482B5FEDD3003F2182 /* Release */ = {
			isa = XCBuildConfiguration;
			buildSettings = {
				ALWAYS_SEARCH_USER_PATHS = NO;
				ASSETCATALOG_COMPILER_GENERATE_SWIFT_ASSET_SYMBOL_EXTENSIONS = YES;
				CLANG_ANALYZER_NONNULL = YES;
				CLANG_ANALYZER_NUMBER_OBJECT_CONVERSION = YES_AGGRESSIVE;
				CLANG_CXX_LANGUAGE_STANDARD = "gnu++20";
				CLANG_ENABLE_MODULES = YES;
				CLANG_ENABLE_OBJC_ARC = YES;
				CLANG_ENABLE_OBJC_WEAK = YES;
				CLANG_WARN_BLOCK_CAPTURE_AUTORELEASING = YES;
				CLANG_WARN_BOOL_CONVERSION = YES;
				CLANG_WARN_COMMA = YES;
				CLANG_WARN_CONSTANT_CONVERSION = YES;
				CLANG_WARN_DEPRECATED_OBJC_IMPLEMENTATIONS = YES;
				CLANG_WARN_DIRECT_OBJC_ISA_USAGE = YES_ERROR;
				CLANG_WARN_DOCUMENTATION_COMMENTS = YES;
				CLANG_WARN_EMPTY_BODY = YES;
				CLANG_WARN_ENUM_CONVERSION = YES;
				CLANG_WARN_INFINITE_RECURSION = YES;
				CLANG_WARN_INT_CONVERSION = YES;
				CLANG_WARN_NON_LITERAL_NULL_CONVERSION = YES;
				CLANG_WARN_OBJC_IMPLICIT_RETAIN_SELF = YES;
				CLANG_WARN_OBJC_LITERAL_CONVERSION = YES;
				CLANG_WARN_OBJC_ROOT_CLASS = YES_ERROR;
				CLANG_WARN_QUOTED_INCLUDE_IN_FRAMEWORK_HEADER = YES;
				CLANG_WARN_RANGE_LOOP_ANALYSIS = YES;
				CLANG_WARN_STRICT_PROTOTYPES = YES;
				CLANG_WARN_SUSPICIOUS_MOVE = YES;
				CLANG_WARN_UNGUARDED_AVAILABILITY = YES_AGGRESSIVE;
				CLANG_WARN_UNREACHABLE_CODE = YES;
				CLANG_WARN__DUPLICATE_METHOD_MATCH = YES;
				COPY_PHASE_STRIP = NO;
				DEBUG_INFORMATION_FORMAT = "dwarf-with-dsym";
				ENABLE_NS_ASSERTIONS = NO;
				ENABLE_STRICT_OBJC_MSGSEND = YES;
				ENABLE_USER_SCRIPT_SANDBOXING = YES;
				GCC_C_LANGUAGE_STANDARD = gnu17;
				GCC_NO_COMMON_BLOCKS = YES;
				GCC_WARN_64_TO_32_BIT_CONVERSION = YES;
				GCC_WARN_ABOUT_RETURN_TYPE = YES_ERROR;
				GCC_WARN_UNDECLARED_SELECTOR = YES;
				GCC_WARN_UNINITIALIZED_AUTOS = YES_AGGRESSIVE;
				GCC_WARN_UNUSED_FUNCTION = YES;
				GCC_WARN_UNUSED_VARIABLE = YES;
				IPHONEOS_DEPLOYMENT_TARGET = 17.2;
				LOCALIZATION_PREFERS_STRING_CATALOGS = YES;
				MTL_ENABLE_DEBUG_INFO = NO;
				MTL_FAST_MATH = YES;
				SDKROOT = iphoneos;
				SWIFT_COMPILATION_MODE = wholemodule;
				VALIDATE_PRODUCT = YES;
			};
			name = Release;
		};
		D924FC4A2B5FEDD3003F2182 /* Debug */ = {
			isa = XCBuildConfiguration;
			buildSettings = {
				ASSETCATALOG_COMPILER_APPICON_NAME = AppIcon;
				ASSETCATALOG_COMPILER_GLOBAL_ACCENT_COLOR_NAME = AccentColor;
				CODE_SIGN_STYLE = Automatic;
				CURRENT_PROJECT_VERSION = 1;
				DEVELOPMENT_ASSET_PATHS = "\"Yummi/Preview Content\"";
				ENABLE_PREVIEWS = YES;
				GENERATE_INFOPLIST_FILE = YES;
				INFOPLIST_KEY_UIApplicationSceneManifest_Generation = YES;
				INFOPLIST_KEY_UIApplicationSupportsIndirectInputEvents = YES;
				INFOPLIST_KEY_UILaunchScreen_Generation = YES;
				INFOPLIST_KEY_UISupportedInterfaceOrientations_iPad = "UIInterfaceOrientationPortrait UIInterfaceOrientationPortraitUpsideDown UIInterfaceOrientationLandscapeLeft UIInterfaceOrientationLandscapeRight";
				INFOPLIST_KEY_UISupportedInterfaceOrientations_iPhone = "UIInterfaceOrientationPortrait UIInterfaceOrientationLandscapeLeft UIInterfaceOrientationLandscapeRight";
				LD_RUNPATH_SEARCH_PATHS = (
					"$(inherited)",
					"@executable_path/Frameworks",
				);
				MARKETING_VERSION = 1.0;
				PRODUCT_BUNDLE_IDENTIFIER = com.eze.Yummi;
				PRODUCT_NAME = "$(TARGET_NAME)";
				SWIFT_EMIT_LOC_STRINGS = YES;
				SWIFT_VERSION = 5.0;
				TARGETED_DEVICE_FAMILY = "1,2";
			};
			name = Debug;
		};
		D924FC4B2B5FEDD3003F2182 /* Release */ = {
			isa = XCBuildConfiguration;
			buildSettings = {
				ASSETCATALOG_COMPILER_APPICON_NAME = AppIcon;
				ASSETCATALOG_COMPILER_GLOBAL_ACCENT_COLOR_NAME = AccentColor;
				CODE_SIGN_STYLE = Automatic;
				CURRENT_PROJECT_VERSION = 1;
				DEVELOPMENT_ASSET_PATHS = "\"Yummi/Preview Content\"";
				ENABLE_PREVIEWS = YES;
				GENERATE_INFOPLIST_FILE = YES;
				INFOPLIST_KEY_UIApplicationSceneManifest_Generation = YES;
				INFOPLIST_KEY_UIApplicationSupportsIndirectInputEvents = YES;
				INFOPLIST_KEY_UILaunchScreen_Generation = YES;
				INFOPLIST_KEY_UISupportedInterfaceOrientations_iPad = "UIInterfaceOrientationPortrait UIInterfaceOrientationPortraitUpsideDown UIInterfaceOrientationLandscapeLeft UIInterfaceOrientationLandscapeRight";
				INFOPLIST_KEY_UISupportedInterfaceOrientations_iPhone = "UIInterfaceOrientationPortrait UIInterfaceOrientationLandscapeLeft UIInterfaceOrientationLandscapeRight";
				LD_RUNPATH_SEARCH_PATHS = (
					"$(inherited)",
					"@executable_path/Frameworks",
				);
				MARKETING_VERSION = 1.0;
				PRODUCT_BUNDLE_IDENTIFIER = com.eze.Yummi;
				PRODUCT_NAME = "$(TARGET_NAME)";
				SWIFT_EMIT_LOC_STRINGS = YES;
				SWIFT_VERSION = 5.0;
				TARGETED_DEVICE_FAMILY = "1,2";
			};
			name = Release;
		};
		D924FC502B5FEDD3003F2182 /* Debug */ = {
			isa = XCBuildConfiguration;
			buildSettings = {
				ALWAYS_EMBED_SWIFT_STANDARD_LIBRARIES = YES;
				CODE_SIGN_STYLE = Automatic;
				CURRENT_PROJECT_VERSION = 1;
				GENERATE_INFOPLIST_FILE = YES;
				MARKETING_VERSION = 1.0;
				PRODUCT_BUNDLE_IDENTIFIER = com.eze.YummiUITests;
				PRODUCT_NAME = "$(TARGET_NAME)";
				SWIFT_EMIT_LOC_STRINGS = NO;
				SWIFT_VERSION = 5.0;
				TARGETED_DEVICE_FAMILY = "1,2";
				TEST_TARGET_NAME = Yummi;
			};
			name = Debug;
		};
		D924FC512B5FEDD3003F2182 /* Release */ = {
			isa = XCBuildConfiguration;
			buildSettings = {
				ALWAYS_EMBED_SWIFT_STANDARD_LIBRARIES = YES;
				CODE_SIGN_STYLE = Automatic;
				CURRENT_PROJECT_VERSION = 1;
				GENERATE_INFOPLIST_FILE = YES;
				MARKETING_VERSION = 1.0;
				PRODUCT_BUNDLE_IDENTIFIER = com.eze.YummiUITests;
				PRODUCT_NAME = "$(TARGET_NAME)";
				SWIFT_EMIT_LOC_STRINGS = NO;
				SWIFT_VERSION = 5.0;
				TARGETED_DEVICE_FAMILY = "1,2";
				TEST_TARGET_NAME = Yummi;
			};
			name = Release;
		};
/* End XCBuildConfiguration section */

/* Begin XCConfigurationList section */
		D924FC202B5FEDD1003F2182 /* Build configuration list for PBXProject "Yummi" */ = {
			isa = XCConfigurationList;
			buildConfigurations = (
				D924FC472B5FEDD3003F2182 /* Debug */,
				D924FC482B5FEDD3003F2182 /* Release */,
			);
			defaultConfigurationIsVisible = 0;
			defaultConfigurationName = Release;
		};
		D924FC492B5FEDD3003F2182 /* Build configuration list for PBXNativeTarget "Yummi" */ = {
			isa = XCConfigurationList;
			buildConfigurations = (
				D924FC4A2B5FEDD3003F2182 /* Debug */,
				D924FC4B2B5FEDD3003F2182 /* Release */,
			);
			defaultConfigurationIsVisible = 0;
			defaultConfigurationName = Release;
		};
		D924FC4F2B5FEDD3003F2182 /* Build configuration list for PBXNativeTarget "YummiUITests" */ = {
			isa = XCConfigurationList;
			buildConfigurations = (
				D924FC502B5FEDD3003F2182 /* Debug */,
				D924FC512B5FEDD3003F2182 /* Release */,
			);
			defaultConfigurationIsVisible = 0;
			defaultConfigurationName = Release;
		};
/* End XCConfigurationList section */
	};
	rootObject = D924FC1D2B5FEDD1003F2182 /* Project object */;
}
